// !$*UTF8*$!
{
	archiveVersion = 1;
	classes = {
	};
	objectVersion = 55;
	objects = {

/* Begin PBXBuildFile section */
		C5987CAD2B89C6D90033CBF1 /* iosAleshkinApp.swift in Sources */ = {isa = PBXBuildFile; fileRef = C5987CAC2B89C6D90033CBF1 /* iosAleshkinApp.swift */; };
		C5987CAF2B89C6D90033CBF1 /* ContentView.swift in Sources */ = {isa = PBXBuildFile; fileRef = C5987CAE2B89C6D90033CBF1 /* ContentView.swift */; };
		C5987CB12B89C6DA0033CBF1 /* Assets.xcassets in Resources */ = {isa = PBXBuildFile; fileRef = C5987CB02B89C6DA0033CBF1 /* Assets.xcassets */; };
		C5987CB42B89C6DA0033CBF1 /* Preview Assets.xcassets in Resources */ = {isa = PBXBuildFile; fileRef = C5987CB32B89C6DA0033CBF1 /* Preview Assets.xcassets */; };
		C5987CF22B89E0350033CBF1 /* Icon.xcassets in Resources */ = {isa = PBXBuildFile; fileRef = C5987CEF2B89E0350033CBF1 /* Icon.xcassets */; };
		C5987CF32B89E0350033CBF1 /* ColorPalette.xcassets in Resources */ = {isa = PBXBuildFile; fileRef = C5987CF02B89E0350033CBF1 /* ColorPalette.xcassets */; };
		C5987CF42B89E0350033CBF1 /* Media.xcassets in Resources */ = {isa = PBXBuildFile; fileRef = C5987CF12B89E0350033CBF1 /* Media.xcassets */; };
		C5987CF62B89E0F80033CBF1 /* ColorPalette.swift in Sources */ = {isa = PBXBuildFile; fileRef = C5987CF52B89E0F80033CBF1 /* ColorPalette.swift */; };
		C5987CFF2B89E7FE0033CBF1 /* Doctor.swift in Sources */ = {isa = PBXBuildFile; fileRef = C5987CFE2B89E7FE0033CBF1 /* Doctor.swift */; };
		C5987D022B89E84F0033CBF1 /* User.swift in Sources */ = {isa = PBXBuildFile; fileRef = C5987D012B89E84F0033CBF1 /* User.swift */; };
		C5987D042B89E8630033CBF1 /* Visit.swift in Sources */ = {isa = PBXBuildFile; fileRef = C5987D032B89E8630033CBF1 /* Visit.swift */; };
		C5987D062B89E8DA0033CBF1 /* HeaderView.swift in Sources */ = {isa = PBXBuildFile; fileRef = C5987D052B89E8DA0033CBF1 /* HeaderView.swift */; };
		C5987D082B89EA090033CBF1 /* MainView.swift in Sources */ = {isa = PBXBuildFile; fileRef = C5987D072B89EA090033CBF1 /* MainView.swift */; };
		C5987D0A2B8A45A40033CBF1 /* CardView.swift in Sources */ = {isa = PBXBuildFile; fileRef = C5987D092B8A45A40033CBF1 /* CardView.swift */; };
		C5987D0C2B8A487D0033CBF1 /* SearchView.swift in Sources */ = {isa = PBXBuildFile; fileRef = C5987D0B2B8A487D0033CBF1 /* SearchView.swift */; };
/* End PBXBuildFile section */

/* Begin PBXFileReference section */
		C5987CA92B89C6D90033CBF1 /* iosAleshkin.app */ = {isa = PBXFileReference; explicitFileType = wrapper.application; includeInIndex = 0; path = iosAleshkin.app; sourceTree = BUILT_PRODUCTS_DIR; };
		C5987CAC2B89C6D90033CBF1 /* iosAleshkinApp.swift */ = {isa = PBXFileReference; lastKnownFileType = sourcecode.swift; path = iosAleshkinApp.swift; sourceTree = "<group>"; };
		C5987CAE2B89C6D90033CBF1 /* ContentView.swift */ = {isa = PBXFileReference; lastKnownFileType = sourcecode.swift; path = ContentView.swift; sourceTree = "<group>"; };
		C5987CB02B89C6DA0033CBF1 /* Assets.xcassets */ = {isa = PBXFileReference; lastKnownFileType = folder.assetcatalog; path = Assets.xcassets; sourceTree = "<group>"; };
		C5987CB32B89C6DA0033CBF1 /* Preview Assets.xcassets */ = {isa = PBXFileReference; lastKnownFileType = folder.assetcatalog; path = "Preview Assets.xcassets"; sourceTree = "<group>"; };
		C5987CEF2B89E0350033CBF1 /* Icon.xcassets */ = {isa = PBXFileReference; lastKnownFileType = folder.assetcatalog; name = Icon.xcassets; path = "../../../../Downloads/lab2-main 2/app/assets/Icon.xcassets"; sourceTree = "<group>"; };
		C5987CF02B89E0350033CBF1 /* ColorPalette.xcassets */ = {isa = PBXFileReference; lastKnownFileType = folder.assetcatalog; name = ColorPalette.xcassets; path = "../../../../Downloads/lab2-main 2/app/assets/ColorPalette.xcassets"; sourceTree = "<group>"; };
		C5987CF12B89E0350033CBF1 /* Media.xcassets */ = {isa = PBXFileReference; lastKnownFileType = folder.assetcatalog; name = Media.xcassets; path = "../../../../Downloads/lab2-main 2/app/assets/Media.xcassets"; sourceTree = "<group>"; };
		C5987CF52B89E0F80033CBF1 /* ColorPalette.swift */ = {isa = PBXFileReference; lastKnownFileType = sourcecode.swift; path = ColorPalette.swift; sourceTree = "<group>"; };
		C5987CFE2B89E7FE0033CBF1 /* Doctor.swift */ = {isa = PBXFileReference; lastKnownFileType = sourcecode.swift; path = Doctor.swift; sourceTree = "<group>"; };
		C5987D012B89E84F0033CBF1 /* User.swift */ = {isa = PBXFileReference; lastKnownFileType = sourcecode.swift; path = User.swift; sourceTree = "<group>"; };
		C5987D032B89E8630033CBF1 /* Visit.swift */ = {isa = PBXFileReference; lastKnownFileType = sourcecode.swift; path = Visit.swift; sourceTree = "<group>"; };
		C5987D052B89E8DA0033CBF1 /* HeaderView.swift */ = {isa = PBXFileReference; lastKnownFileType = sourcecode.swift; path = HeaderView.swift; sourceTree = "<group>"; };
		C5987D072B89EA090033CBF1 /* MainView.swift */ = {isa = PBXFileReference; lastKnownFileType = sourcecode.swift; path = MainView.swift; sourceTree = "<group>"; };
		C5987D092B8A45A40033CBF1 /* CardView.swift */ = {isa = PBXFileReference; lastKnownFileType = sourcecode.swift; path = CardView.swift; sourceTree = "<group>"; };
		C5987D0B2B8A487D0033CBF1 /* SearchView.swift */ = {isa = PBXFileReference; lastKnownFileType = sourcecode.swift; path = SearchView.swift; sourceTree = "<group>"; };
/* End PBXFileReference section */

/* Begin PBXFrameworksBuildPhase section */
		C5987CA62B89C6D90033CBF1 /* Frameworks */ = {
			isa = PBXFrameworksBuildPhase;
			buildActionMask = 2147483647;
			files = (
			);
			runOnlyForDeploymentPostprocessing = 0;
		};
/* End PBXFrameworksBuildPhase section */

/* Begin PBXGroup section */
		C5987CA02B89C6D90033CBF1 = {
			isa = PBXGroup;
			children = (
				C5987CAB2B89C6D90033CBF1 /* iosAleshkin */,
				C5987CAA2B89C6D90033CBF1 /* Products */,
			);
			sourceTree = "<group>";
		};
		C5987CAA2B89C6D90033CBF1 /* Products */ = {
			isa = PBXGroup;
			children = (
				C5987CA92B89C6D90033CBF1 /* iosAleshkin.app */,
			);
			name = Products;
			sourceTree = "<group>";
		};
		C5987CAB2B89C6D90033CBF1 /* iosAleshkin */ = {
			isa = PBXGroup;
			children = (
				C5987CFD2B89E7DF0033CBF1 /* Models */,
				C5987CF82B89E2D60033CBF1 /* views */,
				C5987CEE2B89DF750033CBF1 /* Assts */,
				C5987CAC2B89C6D90033CBF1 /* iosAleshkinApp.swift */,
				C5987CAE2B89C6D90033CBF1 /* ContentView.swift */,
				C5987CB02B89C6DA0033CBF1 /* Assets.xcassets */,
				C5987CB22B89C6DA0033CBF1 /* Preview Content */,
			);
			path = iosAleshkin;
			sourceTree = "<group>";
		};
		C5987CB22B89C6DA0033CBF1 /* Preview Content */ = {
			isa = PBXGroup;
			children = (
				C5987CB32B89C6DA0033CBF1 /* Preview Assets.xcassets */,
			);
			path = "Preview Content";
			sourceTree = "<group>";
		};
		C5987CEE2B89DF750033CBF1 /* Assts */ = {
			isa = PBXGroup;
			children = (
				C5987CF02B89E0350033CBF1 /* ColorPalette.xcassets */,
				C5987CEF2B89E0350033CBF1 /* Icon.xcassets */,
				C5987CF12B89E0350033CBF1 /* Media.xcassets */,
				C5987CF52B89E0F80033CBF1 /* ColorPalette.swift */,
			);
			path = Assts;
			sourceTree = "<group>";
		};
		C5987CF82B89E2D60033CBF1 /* views */ = {
			isa = PBXGroup;
			children = (
				C5987D052B89E8DA0033CBF1 /* HeaderView.swift */,
				C5987D072B89EA090033CBF1 /* MainView.swift */,
				C5987D092B8A45A40033CBF1 /* CardView.swift */,
				C5987D0B2B8A487D0033CBF1 /* SearchView.swift */,
			);
			path = views;
			sourceTree = "<group>";
		};
		C5987CFD2B89E7DF0033CBF1 /* Models */ = {
			isa = PBXGroup;
			children = (
				C5987D002B89E8370033CBF1 /* Model */,
				C5987CFE2B89E7FE0033CBF1 /* Doctor.swift */,
			);
			path = Models;
			sourceTree = "<group>";
		};
		C5987D002B89E8370033CBF1 /* Model */ = {
			isa = PBXGroup;
			children = (
				C5987D012B89E84F0033CBF1 /* User.swift */,
				C5987D032B89E8630033CBF1 /* Visit.swift */,
			);
			path = Model;
			sourceTree = "<group>";
		};
/* End PBXGroup section */

/* Begin PBXNativeTarget section */
		C5987CA82B89C6D90033CBF1 /* iosAleshkin */ = {
			isa = PBXNativeTarget;
			buildConfigurationList = C5987CB72B89C6DA0033CBF1 /* Build configuration list for PBXNativeTarget "iosAleshkin" */;
			buildPhases = (
				C5987CA52B89C6D90033CBF1 /* Sources */,
				C5987CA62B89C6D90033CBF1 /* Frameworks */,
				C5987CA72B89C6D90033CBF1 /* Resources */,
			);
			buildRules = (
			);
			dependencies = (
			);
			name = iosAleshkin;
			productName = iosAleshkin;
			productReference = C5987CA92B89C6D90033CBF1 /* iosAleshkin.app */;
			productType = "com.apple.product-type.application";
		};
/* End PBXNativeTarget section */

/* Begin PBXProject section */
		C5987CA12B89C6D90033CBF1 /* Project object */ = {
			isa = PBXProject;
			attributes = {
				BuildIndependentTargetsInParallel = 1;
				LastSwiftUpdateCheck = 1330;
				LastUpgradeCheck = 1330;
				TargetAttributes = {
					C5987CA82B89C6D90033CBF1 = {
						CreatedOnToolsVersion = 13.3;
					};
				};
			};
			buildConfigurationList = C5987CA42B89C6D90033CBF1 /* Build configuration list for PBXProject "iosAleshkin" */;
			compatibilityVersion = "Xcode 13.0";
			developmentRegion = en;
			hasScannedForEncodings = 0;
			knownRegions = (
				en,
				Base,
			);
			mainGroup = C5987CA02B89C6D90033CBF1;
			productRefGroup = C5987CAA2B89C6D90033CBF1 /* Products */;
			projectDirPath = "";
			projectRoot = "";
			targets = (
				C5987CA82B89C6D90033CBF1 /* iosAleshkin */,
			);
		};
/* End PBXProject section */

/* Begin PBXResourcesBuildPhase section */
		C5987CA72B89C6D90033CBF1 /* Resources */ = {
			isa = PBXResourcesBuildPhase;
			buildActionMask = 2147483647;
			files = (
				C5987CF42B89E0350033CBF1 /* Media.xcassets in Resources */,
				C5987CF22B89E0350033CBF1 /* Icon.xcassets in Resources */,
				C5987CB42B89C6DA0033CBF1 /* Preview Assets.xcassets in Resources */,
				C5987CB12B89C6DA0033CBF1 /* Assets.xcassets in Resources */,
				C5987CF32B89E0350033CBF1 /* ColorPalette.xcassets in Resources */,
			);
			runOnlyForDeploymentPostprocessing = 0;
		};
/* End PBXResourcesBuildPhase section */

/* Begin PBXSourcesBuildPhase section */
		C5987CA52B89C6D90033CBF1 /* Sources */ = {
			isa = PBXSourcesBuildPhase;
			buildActionMask = 2147483647;
			files = (
				C5987D0C2B8A487D0033CBF1 /* SearchView.swift in Sources */,
				C5987CAF2B89C6D90033CBF1 /* ContentView.swift in Sources */,
				C5987D0A2B8A45A40033CBF1 /* CardView.swift in Sources */,
				C5987D082B89EA090033CBF1 /* MainView.swift in Sources */,
				C5987CFF2B89E7FE0033CBF1 /* Doctor.swift in Sources */,
				C5987D022B89E84F0033CBF1 /* User.swift in Sources */,
				C5987CAD2B89C6D90033CBF1 /* iosAleshkinApp.swift in Sources */,
				C5987CF62B89E0F80033CBF1 /* ColorPalette.swift in Sources */,
				C5987D042B89E8630033CBF1 /* Visit.swift in Sources */,
				C5987D062B89E8DA0033CBF1 /* HeaderView.swift in Sources */,
			);
			runOnlyForDeploymentPostprocessing = 0;
		};
/* End PBXSourcesBuildPhase section */

/* Begin XCBuildConfiguration section */
		C5987CB52B89C6DA0033CBF1 /* Debug */ = {
			isa = XCBuildConfiguration;
			buildSettings = {
				ALWAYS_SEARCH_USER_PATHS = NO;
				CLANG_ANALYZER_NONNULL = YES;
				CLANG_ANALYZER_NUMBER_OBJECT_CONVERSION = YES_AGGRESSIVE;
				CLANG_CXX_LANGUAGE_STANDARD = "gnu++17";
				CLANG_ENABLE_MODULES = YES;
				CLANG_ENABLE_OBJC_ARC = YES;
				CLANG_ENABLE_OBJC_WEAK = YES;
				CLANG_WARN_BLOCK_CAPTURE_AUTORELEASING = YES;
				CLANG_WARN_BOOL_CONVERSION = YES;
				CLANG_WARN_COMMA = YES;
				CLANG_WARN_CONSTANT_CONVERSION = YES;
				CLANG_WARN_DEPRECATED_OBJC_IMPLEMENTATIONS = YES;
				CLANG_WARN_DIRECT_OBJC_ISA_USAGE = YES_ERROR;
				CLANG_WARN_DOCUMENTATION_COMMENTS = YES;
				CLANG_WARN_EMPTY_BODY = YES;
				CLANG_WARN_ENUM_CONVERSION = YES;
				CLANG_WARN_INFINITE_RECURSION = YES;
				CLANG_WARN_INT_CONVERSION = YES;
				CLANG_WARN_NON_LITERAL_NULL_CONVERSION = YES;
				CLANG_WARN_OBJC_IMPLICIT_RETAIN_SELF = YES;
				CLANG_WARN_OBJC_LITERAL_CONVERSION = YES;
				CLANG_WARN_OBJC_ROOT_CLASS = YES_ERROR;
				CLANG_WARN_QUOTED_INCLUDE_IN_FRAMEWORK_HEADER = YES;
				CLANG_WARN_RANGE_LOOP_ANALYSIS = YES;
				CLANG_WARN_STRICT_PROTOTYPES = YES;
				CLANG_WARN_SUSPICIOUS_MOVE = YES;
				CLANG_WARN_UNGUARDED_AVAILABILITY = YES_AGGRESSIVE;
				CLANG_WARN_UNREACHABLE_CODE = YES;
				CLANG_WARN__DUPLICATE_METHOD_MATCH = YES;
				COPY_PHASE_STRIP = NO;
				DEBUG_INFORMATION_FORMAT = dwarf;
				ENABLE_STRICT_OBJC_MSGSEND = YES;
				ENABLE_TESTABILITY = YES;
				GCC_C_LANGUAGE_STANDARD = gnu11;
				GCC_DYNAMIC_NO_PIC = NO;
				GCC_NO_COMMON_BLOCKS = YES;
				GCC_OPTIMIZATION_LEVEL = 0;
				GCC_PREPROCESSOR_DEFINITIONS = (
					"DEBUG=1",
					"$(inherited)",
				);
				GCC_WARN_64_TO_32_BIT_CONVERSION = YES;
				GCC_WARN_ABOUT_RETURN_TYPE = YES_ERROR;
				GCC_WARN_UNDECLARED_SELECTOR = YES;
				GCC_WARN_UNINITIALIZED_AUTOS = YES_AGGRESSIVE;
				GCC_WARN_UNUSED_FUNCTION = YES;
				GCC_WARN_UNUSED_VARIABLE = YES;
				IPHONEOS_DEPLOYMENT_TARGET = 15.4;
				MTL_ENABLE_DEBUG_INFO = INCLUDE_SOURCE;
				MTL_FAST_MATH = YES;
				ONLY_ACTIVE_ARCH = YES;
				SDKROOT = iphoneos;
				SWIFT_ACTIVE_COMPILATION_CONDITIONS = DEBUG;
				SWIFT_OPTIMIZATION_LEVEL = "-Onone";
			};
			name = Debug;
		};
		C5987CB62B89C6DA0033CBF1 /* Release */ = {
			isa = XCBuildConfiguration;
			buildSettings = {
				ALWAYS_SEARCH_USER_PATHS = NO;
				CLANG_ANALYZER_NONNULL = YES;
				CLANG_ANALYZER_NUMBER_OBJECT_CONVERSION = YES_AGGRESSIVE;
				CLANG_CXX_LANGUAGE_STANDARD = "gnu++17";
				CLANG_ENABLE_MODULES = YES;
				CLANG_ENABLE_OBJC_ARC = YES;
				CLANG_ENABLE_OBJC_WEAK = YES;
				CLANG_WARN_BLOCK_CAPTURE_AUTORELEASING = YES;
				CLANG_WARN_BOOL_CONVERSION = YES;
				CLANG_WARN_COMMA = YES;
				CLANG_WARN_CONSTANT_CONVERSION = YES;
				CLANG_WARN_DEPRECATED_OBJC_IMPLEMENTATIONS = YES;
				CLANG_WARN_DIRECT_OBJC_ISA_USAGE = YES_ERROR;
				CLANG_WARN_DOCUMENTATION_COMMENTS = YES;
				CLANG_WARN_EMPTY_BODY = YES;
				CLANG_WARN_ENUM_CONVERSION = YES;
				CLANG_WARN_INFINITE_RECURSION = YES;
				CLANG_WARN_INT_CONVERSION = YES;
				CLANG_WARN_NON_LITERAL_NULL_CONVERSION = YES;
				CLANG_WARN_OBJC_IMPLICIT_RETAIN_SELF = YES;
				CLANG_WARN_OBJC_LITERAL_CONVERSION = YES;
				CLANG_WARN_OBJC_ROOT_CLASS = YES_ERROR;
				CLANG_WARN_QUOTED_INCLUDE_IN_FRAMEWORK_HEADER = YES;
				CLANG_WARN_RANGE_LOOP_ANALYSIS = YES;
				CLANG_WARN_STRICT_PROTOTYPES = YES;
				CLANG_WARN_SUSPICIOUS_MOVE = YES;
				CLANG_WARN_UNGUARDED_AVAILABILITY = YES_AGGRESSIVE;
				CLANG_WARN_UNREACHABLE_CODE = YES;
				CLANG_WARN__DUPLICATE_METHOD_MATCH = YES;
				COPY_PHASE_STRIP = NO;
				DEBUG_INFORMATION_FORMAT = "dwarf-with-dsym";
				ENABLE_NS_ASSERTIONS = NO;
				ENABLE_STRICT_OBJC_MSGSEND = YES;
				GCC_C_LANGUAGE_STANDARD = gnu11;
				GCC_NO_COMMON_BLOCKS = YES;
				GCC_WARN_64_TO_32_BIT_CONVERSION = YES;
				GCC_WARN_ABOUT_RETURN_TYPE = YES_ERROR;
				GCC_WARN_UNDECLARED_SELECTOR = YES;
				GCC_WARN_UNINITIALIZED_AUTOS = YES_AGGRESSIVE;
				GCC_WARN_UNUSED_FUNCTION = YES;
				GCC_WARN_UNUSED_VARIABLE = YES;
				IPHONEOS_DEPLOYMENT_TARGET = 15.4;
				MTL_ENABLE_DEBUG_INFO = NO;
				MTL_FAST_MATH = YES;
				SDKROOT = iphoneos;
				SWIFT_COMPILATION_MODE = wholemodule;
				SWIFT_OPTIMIZATION_LEVEL = "-O";
				VALIDATE_PRODUCT = YES;
			};
			name = Release;
		};
		C5987CB82B89C6DA0033CBF1 /* Debug */ = {
			isa = XCBuildConfiguration;
			buildSettings = {
				ASSETCATALOG_COMPILER_APPICON_NAME = AppIcon;
				ASSETCATALOG_COMPILER_GLOBAL_ACCENT_COLOR_NAME = AccentColor;
				CODE_SIGN_STYLE = Automatic;
				CURRENT_PROJECT_VERSION = 1;
				DEVELOPMENT_ASSET_PATHS = "\"iosAleshkin/Preview Content\"";
				DEVELOPMENT_TEAM = QSMPQM84GC;
				ENABLE_PREVIEWS = YES;
				GENERATE_INFOPLIST_FILE = YES;
				INFOPLIST_KEY_UIApplicationSceneManifest_Generation = YES;
				INFOPLIST_KEY_UIApplicationSupportsIndirectInputEvents = YES;
				INFOPLIST_KEY_UILaunchScreen_Generation = YES;
				INFOPLIST_KEY_UISupportedInterfaceOrientations_iPad = "UIInterfaceOrientationPortrait UIInterfaceOrientationPortraitUpsideDown UIInterfaceOrientationLandscapeLeft UIInterfaceOrientationLandscapeRight";
				INFOPLIST_KEY_UISupportedInterfaceOrientations_iPhone = "UIInterfaceOrientationPortrait UIInterfaceOrientationLandscapeLeft UIInterfaceOrientationLandscapeRight";
				LD_RUNPATH_SEARCH_PATHS = (
					"$(inherited)",
					"@executable_path/Frameworks",
				);
				MARKETING_VERSION = 1.0;
				PRODUCT_BUNDLE_IDENTIFIER = com.iosAleshkin;
				PRODUCT_NAME = "$(TARGET_NAME)";
				SWIFT_EMIT_LOC_STRINGS = YES;
				SWIFT_VERSION = 5.0;
				TARGETED_DEVICE_FAMILY = "1,2";
			};
			name = Debug;
		};
		C5987CB92B89C6DA0033CBF1 /* Release */ = {
			isa = XCBuildConfiguration;
			buildSettings = {
				ASSETCATALOG_COMPILER_APPICON_NAME = AppIcon;
				ASSETCATALOG_COMPILER_GLOBAL_ACCENT_COLOR_NAME = AccentColor;
				CODE_SIGN_STYLE = Automatic;
				CURRENT_PROJECT_VERSION = 1;
				DEVELOPMENT_ASSET_PATHS = "\"iosAleshkin/Preview Content\"";
				DEVELOPMENT_TEAM = QSMPQM84GC;
				ENABLE_PREVIEWS = YES;
				GENERATE_INFOPLIST_FILE = YES;
				INFOPLIST_KEY_UIApplicationSceneManifest_Generation = YES;
				INFOPLIST_KEY_UIApplicationSupportsIndirectInputEvents = YES;
				INFOPLIST_KEY_UILaunchScreen_Generation = YES;
				INFOPLIST_KEY_UISupportedInterfaceOrientations_iPad = "UIInterfaceOrientationPortrait UIInterfaceOrientationPortraitUpsideDown UIInterfaceOrientationLandscapeLeft UIInterfaceOrientationLandscapeRight";
				INFOPLIST_KEY_UISupportedInterfaceOrientations_iPhone = "UIInterfaceOrientationPortrait UIInterfaceOrientationLandscapeLeft UIInterfaceOrientationLandscapeRight";
				LD_RUNPATH_SEARCH_PATHS = (
					"$(inherited)",
					"@executable_path/Frameworks",
				);
				MARKETING_VERSION = 1.0;
				PRODUCT_BUNDLE_IDENTIFIER = com.iosAleshkin;
				PRODUCT_NAME = "$(TARGET_NAME)";
				SWIFT_EMIT_LOC_STRINGS = YES;
				SWIFT_VERSION = 5.0;
				TARGETED_DEVICE_FAMILY = "1,2";
			};
			name = Release;
		};
/* End XCBuildConfiguration section */

/* Begin XCConfigurationList section */
		C5987CA42B89C6D90033CBF1 /* Build configuration list for PBXProject "iosAleshkin" */ = {
			isa = XCConfigurationList;
			buildConfigurations = (
				C5987CB52B89C6DA0033CBF1 /* Debug */,
				C5987CB62B89C6DA0033CBF1 /* Release */,
			);
			defaultConfigurationIsVisible = 0;
			defaultConfigurationName = Release;
		};
		C5987CB72B89C6DA0033CBF1 /* Build configuration list for PBXNativeTarget "iosAleshkin" */ = {
			isa = XCConfigurationList;
			buildConfigurations = (
				C5987CB82B89C6DA0033CBF1 /* Debug */,
				C5987CB92B89C6DA0033CBF1 /* Release */,
			);
			defaultConfigurationIsVisible = 0;
			defaultConfigurationName = Release;
		};
/* End XCConfigurationList section */
	};
	rootObject = C5987CA12B89C6D90033CBF1 /* Project object */;
}
